// !$*UTF8*$!
{
	archiveVersion = 1;
	classes = {
	};
	objectVersion = 52;
	objects = {

/* Begin PBXBuildFile section */
		92FB85F026BD97D8005CEF79 /* AppDelegate.swift in Sources */ = {isa = PBXBuildFile; fileRef = 92FB85EF26BD97D8005CEF79 /* AppDelegate.swift */; };
		92FB85F226BD97D8005CEF79 /* SceneDelegate.swift in Sources */ = {isa = PBXBuildFile; fileRef = 92FB85F126BD97D8005CEF79 /* SceneDelegate.swift */; };
		92FB85F726BD97D8005CEF79 /* Main.storyboard in Resources */ = {isa = PBXBuildFile; fileRef = 92FB85F526BD97D8005CEF79 /* Main.storyboard */; };
		92FB85F926BD97DD005CEF79 /* Assets.xcassets in Resources */ = {isa = PBXBuildFile; fileRef = 92FB85F826BD97DD005CEF79 /* Assets.xcassets */; };
		92FB85FC26BD97DD005CEF79 /* LaunchScreen.storyboard in Resources */ = {isa = PBXBuildFile; fileRef = 92FB85FA26BD97DD005CEF79 /* LaunchScreen.storyboard */; };
		92FB860B26BEA4AB005CEF79 /* Realm in Frameworks */ = {isa = PBXBuildFile; productRef = 92FB860A26BEA4AB005CEF79 /* Realm */; };
		92FB860D26BEA4AB005CEF79 /* RealmSwift in Frameworks */ = {isa = PBXBuildFile; productRef = 92FB860C26BEA4AB005CEF79 /* RealmSwift */; };
		92FB860F26BEA4D2005CEF79 /* Task.swift in Sources */ = {isa = PBXBuildFile; fileRef = 92FB860E26BEA4D2005CEF79 /* Task.swift */; };
		92FB861126BEA4DD005CEF79 /* TasksList.swift in Sources */ = {isa = PBXBuildFile; fileRef = 92FB861026BEA4DD005CEF79 /* TasksList.swift */; };
		92FB861426BEA5CA005CEF79 /* StorageManager.swift in Sources */ = {isa = PBXBuildFile; fileRef = 92FB861326BEA5CA005CEF79 /* StorageManager.swift */; };
		92FB861626BEA7FE005CEF79 /* TaskListTVC.swift in Sources */ = {isa = PBXBuildFile; fileRef = 92FB861526BEA7FE005CEF79 /* TaskListTVC.swift */; };
		92FB861826BEA80D005CEF79 /* TasksTVC.swift in Sources */ = {isa = PBXBuildFile; fileRef = 92FB861726BEA80D005CEF79 /* TasksTVC.swift */; };
		92FB861B26C05B43005CEF79 /* UITableCellExt.swift in Sources */ = {isa = PBXBuildFile; fileRef = 92FB861A26C05B43005CEF79 /* UITableCellExt.swift */; };
/* End PBXBuildFile section */

/* Begin PBXFileReference section */
		92FB85EC26BD97D8005CEF79 /* ToDoRealm.app */ = {isa = PBXFileReference; explicitFileType = wrapper.application; includeInIndex = 0; path = ToDoRealm.app; sourceTree = BUILT_PRODUCTS_DIR; };
		92FB85EF26BD97D8005CEF79 /* AppDelegate.swift */ = {isa = PBXFileReference; lastKnownFileType = sourcecode.swift; path = AppDelegate.swift; sourceTree = "<group>"; };
		92FB85F126BD97D8005CEF79 /* SceneDelegate.swift */ = {isa = PBXFileReference; lastKnownFileType = sourcecode.swift; path = SceneDelegate.swift; sourceTree = "<group>"; };
		92FB85F626BD97D8005CEF79 /* Base */ = {isa = PBXFileReference; lastKnownFileType = file.storyboard; name = Base; path = Base.lproj/Main.storyboard; sourceTree = "<group>"; };
		92FB85F826BD97DD005CEF79 /* Assets.xcassets */ = {isa = PBXFileReference; lastKnownFileType = folder.assetcatalog; path = Assets.xcassets; sourceTree = "<group>"; };
		92FB85FB26BD97DD005CEF79 /* Base */ = {isa = PBXFileReference; lastKnownFileType = file.storyboard; name = Base; path = Base.lproj/LaunchScreen.storyboard; sourceTree = "<group>"; };
		92FB85FD26BD97DD005CEF79 /* Info.plist */ = {isa = PBXFileReference; lastKnownFileType = text.plist.xml; path = Info.plist; sourceTree = "<group>"; };
		92FB860E26BEA4D2005CEF79 /* Task.swift */ = {isa = PBXFileReference; lastKnownFileType = sourcecode.swift; path = Task.swift; sourceTree = "<group>"; };
		92FB861026BEA4DD005CEF79 /* TasksList.swift */ = {isa = PBXFileReference; lastKnownFileType = sourcecode.swift; path = TasksList.swift; sourceTree = "<group>"; };
		92FB861326BEA5CA005CEF79 /* StorageManager.swift */ = {isa = PBXFileReference; lastKnownFileType = sourcecode.swift; path = StorageManager.swift; sourceTree = "<group>"; };
		92FB861526BEA7FE005CEF79 /* TaskListTVC.swift */ = {isa = PBXFileReference; lastKnownFileType = sourcecode.swift; path = TaskListTVC.swift; sourceTree = "<group>"; };
		92FB861726BEA80D005CEF79 /* TasksTVC.swift */ = {isa = PBXFileReference; lastKnownFileType = sourcecode.swift; path = TasksTVC.swift; sourceTree = "<group>"; };
		92FB861A26C05B43005CEF79 /* UITableCellExt.swift */ = {isa = PBXFileReference; lastKnownFileType = sourcecode.swift; path = UITableCellExt.swift; sourceTree = "<group>"; };
/* End PBXFileReference section */

/* Begin PBXFrameworksBuildPhase section */
		92FB85E926BD97D8005CEF79 /* Frameworks */ = {
			isa = PBXFrameworksBuildPhase;
			buildActionMask = 2147483647;
			files = (
				92FB860D26BEA4AB005CEF79 /* RealmSwift in Frameworks */,
				92FB860B26BEA4AB005CEF79 /* Realm in Frameworks */,
			);
			runOnlyForDeploymentPostprocessing = 0;
		};
/* End PBXFrameworksBuildPhase section */

/* Begin PBXGroup section */
		92FB85E326BD97D8005CEF79 = {
			isa = PBXGroup;
			children = (
				92FB85EE26BD97D8005CEF79 /* ToDoRealm */,
				92FB85ED26BD97D8005CEF79 /* Products */,
			);
			sourceTree = "<group>";
		};
		92FB85ED26BD97D8005CEF79 /* Products */ = {
			isa = PBXGroup;
			children = (
				92FB85EC26BD97D8005CEF79 /* ToDoRealm.app */,
			);
			name = Products;
			sourceTree = "<group>";
		};
		92FB85EE26BD97D8005CEF79 /* ToDoRealm */ = {
			isa = PBXGroup;
			children = (
				92FB861926C05B29005CEF79 /* Extantions */,
				92FB860726BD9845005CEF79 /* Managers */,
				92FB860626BD9826005CEF79 /* Controllers */,
				92FB860526BD980A005CEF79 /* Storyboards */,
				92FB860426BD97FE005CEF79 /* Models */,
				92FB860326BD97EC005CEF79 /* Delegates */,
				92FB85FD26BD97DD005CEF79 /* Info.plist */,
				92FB860826BD984D005CEF79 /* Support */,
			);
			path = ToDoRealm;
			sourceTree = "<group>";
		};
		92FB860326BD97EC005CEF79 /* Delegates */ = {
			isa = PBXGroup;
			children = (
				92FB85F126BD97D8005CEF79 /* SceneDelegate.swift */,
				92FB85EF26BD97D8005CEF79 /* AppDelegate.swift */,
			);
			path = Delegates;
			sourceTree = "<group>";
		};
		92FB860426BD97FE005CEF79 /* Models */ = {
			isa = PBXGroup;
			children = (
				92FB860E26BEA4D2005CEF79 /* Task.swift */,
				92FB861026BEA4DD005CEF79 /* TasksList.swift */,
			);
			path = Models;
			sourceTree = "<group>";
		};
		92FB860526BD980A005CEF79 /* Storyboards */ = {
			isa = PBXGroup;
			children = (
				92FB85FA26BD97DD005CEF79 /* LaunchScreen.storyboard */,
				92FB85F526BD97D8005CEF79 /* Main.storyboard */,
			);
			path = Storyboards;
			sourceTree = "<group>";
		};
		92FB860626BD9826005CEF79 /* Controllers */ = {
			isa = PBXGroup;
			children = (
				92FB861526BEA7FE005CEF79 /* TaskListTVC.swift */,
				92FB861726BEA80D005CEF79 /* TasksTVC.swift */,
			);
			path = Controllers;
			sourceTree = "<group>";
		};
		92FB860726BD9845005CEF79 /* Managers */ = {
			isa = PBXGroup;
			children = (
				92FB861226BEA5B9005CEF79 /* New Group */,
				92FB861326BEA5CA005CEF79 /* StorageManager.swift */,
			);
			path = Managers;
			sourceTree = "<group>";
		};
		92FB860826BD984D005CEF79 /* Support */ = {
			isa = PBXGroup;
			children = (
				92FB85F826BD97DD005CEF79 /* Assets.xcassets */,
			);
			path = Support;
			sourceTree = "<group>";
		};
		92FB861226BEA5B9005CEF79 /* New Group */ = {
			isa = PBXGroup;
			children = (
			);
			path = "New Group";
			sourceTree = "<group>";
		};
		92FB861926C05B29005CEF79 /* Extantions */ = {
			isa = PBXGroup;
			children = (
				92FB861A26C05B43005CEF79 /* UITableCellExt.swift */,
			);
			path = Extantions;
			sourceTree = "<group>";
		};
/* End PBXGroup section */

/* Begin PBXNativeTarget section */
		92FB85EB26BD97D8005CEF79 /* ToDoRealm */ = {
			isa = PBXNativeTarget;
			buildConfigurationList = 92FB860026BD97DD005CEF79 /* Build configuration list for PBXNativeTarget "ToDoRealm" */;
			buildPhases = (
				92FB85E826BD97D8005CEF79 /* Sources */,
				92FB85E926BD97D8005CEF79 /* Frameworks */,
				92FB85EA26BD97D8005CEF79 /* Resources */,
			);
			buildRules = (
			);
			dependencies = (
			);
			name = ToDoRealm;
			packageProductDependencies = (
				92FB860A26BEA4AB005CEF79 /* Realm */,
				92FB860C26BEA4AB005CEF79 /* RealmSwift */,
			);
			productName = ToDoRealm;
			productReference = 92FB85EC26BD97D8005CEF79 /* ToDoRealm.app */;
			productType = "com.apple.product-type.application";
		};
/* End PBXNativeTarget section */

/* Begin PBXProject section */
		92FB85E426BD97D8005CEF79 /* Project object */ = {
			isa = PBXProject;
			attributes = {
				LastSwiftUpdateCheck = 1250;
				LastUpgradeCheck = 1250;
				TargetAttributes = {
					92FB85EB26BD97D8005CEF79 = {
						CreatedOnToolsVersion = 12.5;
					};
				};
			};
			buildConfigurationList = 92FB85E726BD97D8005CEF79 /* Build configuration list for PBXProject "ToDoRealm" */;
			compatibilityVersion = "Xcode 9.3";
			developmentRegion = en;
			hasScannedForEncodings = 0;
			knownRegions = (
				en,
				Base,
			);
			mainGroup = 92FB85E326BD97D8005CEF79;
			packageReferences = (
				92FB860926BEA4AB005CEF79 /* XCRemoteSwiftPackageReference "realm-cocoa" */,
			);
			productRefGroup = 92FB85ED26BD97D8005CEF79 /* Products */;
			projectDirPath = "";
			projectRoot = "";
			targets = (
				92FB85EB26BD97D8005CEF79 /* ToDoRealm */,
			);
		};
/* End PBXProject section */

/* Begin PBXResourcesBuildPhase section */
		92FB85EA26BD97D8005CEF79 /* Resources */ = {
			isa = PBXResourcesBuildPhase;
			buildActionMask = 2147483647;
			files = (
				92FB85FC26BD97DD005CEF79 /* LaunchScreen.storyboard in Resources */,
				92FB85F926BD97DD005CEF79 /* Assets.xcassets in Resources */,
				92FB85F726BD97D8005CEF79 /* Main.storyboard in Resources */,
			);
			runOnlyForDeploymentPostprocessing = 0;
		};
/* End PBXResourcesBuildPhase section */

/* Begin PBXSourcesBuildPhase section */
		92FB85E826BD97D8005CEF79 /* Sources */ = {
			isa = PBXSourcesBuildPhase;
			buildActionMask = 2147483647;
			files = (
				92FB861126BEA4DD005CEF79 /* TasksList.swift in Sources */,
				92FB85F026BD97D8005CEF79 /* AppDelegate.swift in Sources */,
				92FB861826BEA80D005CEF79 /* TasksTVC.swift in Sources */,
				92FB861626BEA7FE005CEF79 /* TaskListTVC.swift in Sources */,
				92FB861426BEA5CA005CEF79 /* StorageManager.swift in Sources */,
				92FB860F26BEA4D2005CEF79 /* Task.swift in Sources */,
				92FB861B26C05B43005CEF79 /* UITableCellExt.swift in Sources */,
				92FB85F226BD97D8005CEF79 /* SceneDelegate.swift in Sources */,
			);
			runOnlyForDeploymentPostprocessing = 0;
		};
/* End PBXSourcesBuildPhase section */

/* Begin PBXVariantGroup section */
		92FB85F526BD97D8005CEF79 /* Main.storyboard */ = {
			isa = PBXVariantGroup;
			children = (
				92FB85F626BD97D8005CEF79 /* Base */,
			);
			name = Main.storyboard;
			sourceTree = "<group>";
		};
		92FB85FA26BD97DD005CEF79 /* LaunchScreen.storyboard */ = {
			isa = PBXVariantGroup;
			children = (
				92FB85FB26BD97DD005CEF79 /* Base */,
			);
			name = LaunchScreen.storyboard;
			sourceTree = "<group>";
		};
/* End PBXVariantGroup section */

/* Begin XCBuildConfiguration section */
		92FB85FE26BD97DD005CEF79 /* Debug */ = {
			isa = XCBuildConfiguration;
			buildSettings = {
				ALWAYS_SEARCH_USER_PATHS = NO;
				CLANG_ANALYZER_NONNULL = YES;
				CLANG_ANALYZER_NUMBER_OBJECT_CONVERSION = YES_AGGRESSIVE;
				CLANG_CXX_LANGUAGE_STANDARD = "gnu++14";
				CLANG_CXX_LIBRARY = "libc++";
				CLANG_ENABLE_MODULES = YES;
				CLANG_ENABLE_OBJC_ARC = YES;
				CLANG_ENABLE_OBJC_WEAK = YES;
				CLANG_WARN_BLOCK_CAPTURE_AUTORELEASING = YES;
				CLANG_WARN_BOOL_CONVERSION = YES;
				CLANG_WARN_COMMA = YES;
				CLANG_WARN_CONSTANT_CONVERSION = YES;
				CLANG_WARN_DEPRECATED_OBJC_IMPLEMENTATIONS = YES;
				CLANG_WARN_DIRECT_OBJC_ISA_USAGE = YES_ERROR;
				CLANG_WARN_DOCUMENTATION_COMMENTS = YES;
				CLANG_WARN_EMPTY_BODY = YES;
				CLANG_WARN_ENUM_CONVERSION = YES;
				CLANG_WARN_INFINITE_RECURSION = YES;
				CLANG_WARN_INT_CONVERSION = YES;
				CLANG_WARN_NON_LITERAL_NULL_CONVERSION = YES;
				CLANG_WARN_OBJC_IMPLICIT_RETAIN_SELF = YES;
				CLANG_WARN_OBJC_LITERAL_CONVERSION = YES;
				CLANG_WARN_OBJC_ROOT_CLASS = YES_ERROR;
				CLANG_WARN_QUOTED_INCLUDE_IN_FRAMEWORK_HEADER = YES;
				CLANG_WARN_RANGE_LOOP_ANALYSIS = YES;
				CLANG_WARN_STRICT_PROTOTYPES = YES;
				CLANG_WARN_SUSPICIOUS_MOVE = YES;
				CLANG_WARN_UNGUARDED_AVAILABILITY = YES_AGGRESSIVE;
				CLANG_WARN_UNREACHABLE_CODE = YES;
				CLANG_WARN__DUPLICATE_METHOD_MATCH = YES;
				COPY_PHASE_STRIP = NO;
				DEBUG_INFORMATION_FORMAT = dwarf;
				ENABLE_STRICT_OBJC_MSGSEND = YES;
				ENABLE_TESTABILITY = YES;
				GCC_C_LANGUAGE_STANDARD = gnu11;
				GCC_DYNAMIC_NO_PIC = NO;
				GCC_NO_COMMON_BLOCKS = YES;
				GCC_OPTIMIZATION_LEVEL = 0;
				GCC_PREPROCESSOR_DEFINITIONS = (
					"DEBUG=1",
					"$(inherited)",
				);
				GCC_WARN_64_TO_32_BIT_CONVERSION = YES;
				GCC_WARN_ABOUT_RETURN_TYPE = YES_ERROR;
				GCC_WARN_UNDECLARED_SELECTOR = YES;
				GCC_WARN_UNINITIALIZED_AUTOS = YES_AGGRESSIVE;
				GCC_WARN_UNUSED_FUNCTION = YES;
				GCC_WARN_UNUSED_VARIABLE = YES;
				IPHONEOS_DEPLOYMENT_TARGET = 14.5;
				MTL_ENABLE_DEBUG_INFO = INCLUDE_SOURCE;
				MTL_FAST_MATH = YES;
				ONLY_ACTIVE_ARCH = YES;
				SDKROOT = iphoneos;
				SWIFT_ACTIVE_COMPILATION_CONDITIONS = DEBUG;
				SWIFT_OPTIMIZATION_LEVEL = "-Onone";
			};
			name = Debug;
		};
		92FB85FF26BD97DD005CEF79 /* Release */ = {
			isa = XCBuildConfiguration;
			buildSettings = {
				ALWAYS_SEARCH_USER_PATHS = NO;
				CLANG_ANALYZER_NONNULL = YES;
				CLANG_ANALYZER_NUMBER_OBJECT_CONVERSION = YES_AGGRESSIVE;
				CLANG_CXX_LANGUAGE_STANDARD = "gnu++14";
				CLANG_CXX_LIBRARY = "libc++";
				CLANG_ENABLE_MODULES = YES;
				CLANG_ENABLE_OBJC_ARC = YES;
				CLANG_ENABLE_OBJC_WEAK = YES;
				CLANG_WARN_BLOCK_CAPTURE_AUTORELEASING = YES;
				CLANG_WARN_BOOL_CONVERSION = YES;
				CLANG_WARN_COMMA = YES;
				CLANG_WARN_CONSTANT_CONVERSION = YES;
				CLANG_WARN_DEPRECATED_OBJC_IMPLEMENTATIONS = YES;
				CLANG_WARN_DIRECT_OBJC_ISA_USAGE = YES_ERROR;
				CLANG_WARN_DOCUMENTATION_COMMENTS = YES;
				CLANG_WARN_EMPTY_BODY = YES;
				CLANG_WARN_ENUM_CONVERSION = YES;
				CLANG_WARN_INFINITE_RECURSION = YES;
				CLANG_WARN_INT_CONVERSION = YES;
				CLANG_WARN_NON_LITERAL_NULL_CONVERSION = YES;
				CLANG_WARN_OBJC_IMPLICIT_RETAIN_SELF = YES;
				CLANG_WARN_OBJC_LITERAL_CONVERSION = YES;
				CLANG_WARN_OBJC_ROOT_CLASS = YES_ERROR;
				CLANG_WARN_QUOTED_INCLUDE_IN_FRAMEWORK_HEADER = YES;
				CLANG_WARN_RANGE_LOOP_ANALYSIS = YES;
				CLANG_WARN_STRICT_PROTOTYPES = YES;
				CLANG_WARN_SUSPICIOUS_MOVE = YES;
				CLANG_WARN_UNGUARDED_AVAILABILITY = YES_AGGRESSIVE;
				CLANG_WARN_UNREACHABLE_CODE = YES;
				CLANG_WARN__DUPLICATE_METHOD_MATCH = YES;
				COPY_PHASE_STRIP = NO;
				DEBUG_INFORMATION_FORMAT = "dwarf-with-dsym";
				ENABLE_NS_ASSERTIONS = NO;
				ENABLE_STRICT_OBJC_MSGSEND = YES;
				GCC_C_LANGUAGE_STANDARD = gnu11;
				GCC_NO_COMMON_BLOCKS = YES;
				GCC_WARN_64_TO_32_BIT_CONVERSION = YES;
				GCC_WARN_ABOUT_RETURN_TYPE = YES_ERROR;
				GCC_WARN_UNDECLARED_SELECTOR = YES;
				GCC_WARN_UNINITIALIZED_AUTOS = YES_AGGRESSIVE;
				GCC_WARN_UNUSED_FUNCTION = YES;
				GCC_WARN_UNUSED_VARIABLE = YES;
				IPHONEOS_DEPLOYMENT_TARGET = 14.5;
				MTL_ENABLE_DEBUG_INFO = NO;
				MTL_FAST_MATH = YES;
				SDKROOT = iphoneos;
				SWIFT_COMPILATION_MODE = wholemodule;
				SWIFT_OPTIMIZATION_LEVEL = "-O";
				VALIDATE_PRODUCT = YES;
			};
			name = Release;
		};
		92FB860126BD97DD005CEF79 /* Debug */ = {
			isa = XCBuildConfiguration;
			buildSettings = {
				ASSETCATALOG_COMPILER_APPICON_NAME = AppIcon;
				ASSETCATALOG_COMPILER_GLOBAL_ACCENT_COLOR_NAME = AccentColor;
				CODE_SIGN_STYLE = Automatic;
				DEVELOPMENT_TEAM = 7UD2B87FG3;
				INFOPLIST_FILE = ToDoRealm/Info.plist;
				LD_RUNPATH_SEARCH_PATHS = (
					"$(inherited)",
					"@executable_path/Frameworks",
				);
				PRODUCT_BUNDLE_IDENTIFIER = "-23.ToDoRealm";
				PRODUCT_NAME = "$(TARGET_NAME)";
				SWIFT_VERSION = 5.0;
				TARGETED_DEVICE_FAMILY = "1,2";
			};
			name = Debug;
		};
		92FB860226BD97DD005CEF79 /* Release */ = {
			isa = XCBuildConfiguration;
			buildSettings = {
				ASSETCATALOG_COMPILER_APPICON_NAME = AppIcon;
				ASSETCATALOG_COMPILER_GLOBAL_ACCENT_COLOR_NAME = AccentColor;
				CODE_SIGN_STYLE = Automatic;
				DEVELOPMENT_TEAM = 7UD2B87FG3;
				INFOPLIST_FILE = ToDoRealm/Info.plist;
				LD_RUNPATH_SEARCH_PATHS = (
					"$(inherited)",
					"@executable_path/Frameworks",
				);
				PRODUCT_BUNDLE_IDENTIFIER = "-23.ToDoRealm";
				PRODUCT_NAME = "$(TARGET_NAME)";
				SWIFT_VERSION = 5.0;
				TARGETED_DEVICE_FAMILY = "1,2";
			};
			name = Release;
		};
/* End XCBuildConfiguration section */

/* Begin XCConfigurationList section */
		92FB85E726BD97D8005CEF79 /* Build configuration list for PBXProject "ToDoRealm" */ = {
			isa = XCConfigurationList;
			buildConfigurations = (
				92FB85FE26BD97DD005CEF79 /* Debug */,
				92FB85FF26BD97DD005CEF79 /* Release */,
			);
			defaultConfigurationIsVisible = 0;
			defaultConfigurationName = Release;
		};
		92FB860026BD97DD005CEF79 /* Build configuration list for PBXNativeTarget "ToDoRealm" */ = {
			isa = XCConfigurationList;
			buildConfigurations = (
				92FB860126BD97DD005CEF79 /* Debug */,
				92FB860226BD97DD005CEF79 /* Release */,
			);
			defaultConfigurationIsVisible = 0;
			defaultConfigurationName = Release;
		};
/* End XCConfigurationList section */

/* Begin XCRemoteSwiftPackageReference section */
		92FB860926BEA4AB005CEF79 /* XCRemoteSwiftPackageReference "realm-cocoa" */ = {
			isa = XCRemoteSwiftPackageReference;
			repositoryURL = "https://github.com/realm/realm-cocoa";
			requirement = {
				kind = upToNextMajorVersion;
				minimumVersion = 10.12.0;
			};
		};
/* End XCRemoteSwiftPackageReference section */

/* Begin XCSwiftPackageProductDependency section */
		92FB860A26BEA4AB005CEF79 /* Realm */ = {
			isa = XCSwiftPackageProductDependency;
			package = 92FB860926BEA4AB005CEF79 /* XCRemoteSwiftPackageReference "realm-cocoa" */;
			productName = Realm;
		};
		92FB860C26BEA4AB005CEF79 /* RealmSwift */ = {
			isa = XCSwiftPackageProductDependency;
			package = 92FB860926BEA4AB005CEF79 /* XCRemoteSwiftPackageReference "realm-cocoa" */;
			productName = RealmSwift;
		};
/* End XCSwiftPackageProductDependency section */
	};
	rootObject = 92FB85E426BD97D8005CEF79 /* Project object */;
}
